
Microsoft Visual Studio Solution File, Format Version 12.00
Project("{FAE04EC0-301F-11D3-BF4B-00C04F79EFBC}") = "BlazorWedding", "BlazorWedding\BlazorWedding.csproj", "{E3E975FC-126A-424E-A786-DC05B031270E}"
EndProject
Global
	GlobalSection(SolutionConfigurationPlatforms) = preSolution
		Debug|Any CPU = Debug|Any CPU
		Release|Any CPU = Release|Any CPU
	EndGlobalSection
	GlobalSection(ProjectConfigurationPlatforms) = postSolution
		{E3E975FC-126A-424E-A786-DC05B031270E}.Debug|Any CPU.ActiveCfg = Debug|Any CPU
		{E3E975FC-126A-424E-A786-DC05B031270E}.Debug|Any CPU.Build.0 = Debug|Any CPU
		{E3E975FC-126A-424E-A786-DC05B031270E}.Release|Any CPU.ActiveCfg = Release|Any CPU
		{E3E975FC-126A-424E-A786-DC05B031270E}.Release|Any CPU.Build.0 = Release|Any CPU
	EndGlobalSection
EndGlobal
